// !$*UTF8*$!
{
	archiveVersion = 1;
	classes = {
	};
	objectVersion = 46;
	objects = {

/* Begin PBXBuildFile section */
		F693FE8A1A03E5AD002821B7 /* main.m in Sources */ = {isa = PBXBuildFile; fileRef = F693FE891A03E5AD002821B7 /* main.m */; };
		F693FE8D1A03E5AD002821B7 /* AppDelegate.m in Sources */ = {isa = PBXBuildFile; fileRef = F693FE8C1A03E5AD002821B7 /* AppDelegate.m */; };
		F693FE901A03E5AD002821B7 /* ViewController.m in Sources */ = {isa = PBXBuildFile; fileRef = F693FE8F1A03E5AD002821B7 /* ViewController.m */; };
		F693FE931A03E5AD002821B7 /* Main.storyboard in Resources */ = {isa = PBXBuildFile; fileRef = F693FE911A03E5AD002821B7 /* Main.storyboard */; };
		F693FE951A03E5AD002821B7 /* Images.xcassets in Resources */ = {isa = PBXBuildFile; fileRef = F693FE941A03E5AD002821B7 /* Images.xcassets */; };
		F693FE981A03E5AD002821B7 /* LaunchScreen.xib in Resources */ = {isa = PBXBuildFile; fileRef = F693FE961A03E5AD002821B7 /* LaunchScreen.xib */; };
		F693FEA41A03E5AD002821B7 /* GuidePostTests.m in Sources */ = {isa = PBXBuildFile; fileRef = F693FEA31A03E5AD002821B7 /* GuidePostTests.m */; };
/* End PBXBuildFile section */

/* Begin PBXContainerItemProxy section */
		F693FE9E1A03E5AD002821B7 /* PBXContainerItemProxy */ = {
			isa = PBXContainerItemProxy;
			containerPortal = F693FE7C1A03E5AD002821B7 /* Project object */;
			proxyType = 1;
			remoteGlobalIDString = F693FE831A03E5AD002821B7;
			remoteInfo = GuidePost;
		};
/* End PBXContainerItemProxy section */

/* Begin PBXFileReference section */
		F693FE841A03E5AD002821B7 /* GuidePost.app */ = {isa = PBXFileReference; explicitFileType = wrapper.application; includeInIndex = 0; path = GuidePost.app; sourceTree = BUILT_PRODUCTS_DIR; };
		F693FE881A03E5AD002821B7 /* Info.plist */ = {isa = PBXFileReference; lastKnownFileType = text.plist.xml; path = Info.plist; sourceTree = "<group>"; };
		F693FE891A03E5AD002821B7 /* main.m */ = {isa = PBXFileReference; lastKnownFileType = sourcecode.c.objc; path = main.m; sourceTree = "<group>"; };
		F693FE8B1A03E5AD002821B7 /* AppDelegate.h */ = {isa = PBXFileReference; lastKnownFileType = sourcecode.c.h; path = AppDelegate.h; sourceTree = "<group>"; };
		F693FE8C1A03E5AD002821B7 /* AppDelegate.m */ = {isa = PBXFileReference; lastKnownFileType = sourcecode.c.objc; path = AppDelegate.m; sourceTree = "<group>"; };
		F693FE8E1A03E5AD002821B7 /* ViewController.h */ = {isa = PBXFileReference; lastKnownFileType = sourcecode.c.h; path = ViewController.h; sourceTree = "<group>"; };
		F693FE8F1A03E5AD002821B7 /* ViewController.m */ = {isa = PBXFileReference; lastKnownFileType = sourcecode.c.objc; path = ViewController.m; sourceTree = "<group>"; };
		F693FE921A03E5AD002821B7 /* Base */ = {isa = PBXFileReference; lastKnownFileType = file.storyboard; name = Base; path = Base.lproj/Main.storyboard; sourceTree = "<group>"; };
		F693FE941A03E5AD002821B7 /* Images.xcassets */ = {isa = PBXFileReference; lastKnownFileType = folder.assetcatalog; path = Images.xcassets; sourceTree = "<group>"; };
		F693FE971A03E5AD002821B7 /* Base */ = {isa = PBXFileReference; lastKnownFileType = file.xib; name = Base; path = Base.lproj/LaunchScreen.xib; sourceTree = "<group>"; };
		F693FE9D1A03E5AD002821B7 /* GuidePostTests.xctest */ = {isa = PBXFileReference; explicitFileType = wrapper.cfbundle; includeInIndex = 0; path = GuidePostTests.xctest; sourceTree = BUILT_PRODUCTS_DIR; };
		F693FEA21A03E5AD002821B7 /* Info.plist */ = {isa = PBXFileReference; lastKnownFileType = text.plist.xml; path = Info.plist; sourceTree = "<group>"; };
		F693FEA31A03E5AD002821B7 /* GuidePostTests.m */ = {isa = PBXFileReference; lastKnownFileType = sourcecode.c.objc; path = GuidePostTests.m; sourceTree = "<group>"; };
/* End PBXFileReference section */

/* Begin PBXFrameworksBuildPhase section */
		F693FE811A03E5AD002821B7 /* Frameworks */ = {
			isa = PBXFrameworksBuildPhase;
			buildActionMask = 2147483647;
			files = (
			);
			runOnlyForDeploymentPostprocessing = 0;
		};
		F693FE9A1A03E5AD002821B7 /* Frameworks */ = {
			isa = PBXFrameworksBuildPhase;
			buildActionMask = 2147483647;
			files = (
			);
			runOnlyForDeploymentPostprocessing = 0;
		};
/* End PBXFrameworksBuildPhase section */

/* Begin PBXGroup section */
		F693FE7B1A03E5AD002821B7 = {
			isa = PBXGroup;
			children = (
				F693FE861A03E5AD002821B7 /* GuidePost */,
				F693FEA01A03E5AD002821B7 /* GuidePostTests */,
				F693FE851A03E5AD002821B7 /* Products */,
			);
			sourceTree = "<group>";
		};
		F693FE851A03E5AD002821B7 /* Products */ = {
			isa = PBXGroup;
			children = (
				F693FE841A03E5AD002821B7 /* GuidePost.app */,
				F693FE9D1A03E5AD002821B7 /* GuidePostTests.xctest */,
			);
			name = Products;
			sourceTree = "<group>";
		};
		F693FE861A03E5AD002821B7 /* GuidePost */ = {
			isa = PBXGroup;
			children = (
				F693FE8B1A03E5AD002821B7 /* AppDelegate.h */,
				F693FE8C1A03E5AD002821B7 /* AppDelegate.m */,
				F693FE8E1A03E5AD002821B7 /* ViewController.h */,
				F693FE8F1A03E5AD002821B7 /* ViewController.m */,
				F693FE911A03E5AD002821B7 /* Main.storyboard */,
				F693FE941A03E5AD002821B7 /* Images.xcassets */,
				F693FE961A03E5AD002821B7 /* LaunchScreen.xib */,
				F693FE871A03E5AD002821B7 /* Supporting Files */,
			);
			path = GuidePost;
			sourceTree = "<group>";
		};
		F693FE871A03E5AD002821B7 /* Supporting Files */ = {
			isa = PBXGroup;
			children = (
				F693FE881A03E5AD002821B7 /* Info.plist */,
				F693FE891A03E5AD002821B7 /* main.m */,
			);
			name = "Supporting Files";
			sourceTree = "<group>";
		};
		F693FEA01A03E5AD002821B7 /* GuidePostTests */ = {
			isa = PBXGroup;
			children = (
				F693FEA31A03E5AD002821B7 /* GuidePostTests.m */,
				F693FEA11A03E5AD002821B7 /* Supporting Files */,
			);
			path = GuidePostTests;
			sourceTree = "<group>";
		};
		F693FEA11A03E5AD002821B7 /* Supporting Files */ = {
			isa = PBXGroup;
			children = (
				F693FEA21A03E5AD002821B7 /* Info.plist */,
			);
			name = "Supporting Files";
			sourceTree = "<group>";
		};
/* End PBXGroup section */

/* Begin PBXNativeTarget section */
		F693FE831A03E5AD002821B7 /* GuidePost */ = {
			isa = PBXNativeTarget;
			buildConfigurationList = F693FEA71A03E5AD002821B7 /* Build configuration list for PBXNativeTarget "GuidePost" */;
			buildPhases = (
				F693FE801A03E5AD002821B7 /* Sources */,
				F693FE811A03E5AD002821B7 /* Frameworks */,
				F693FE821A03E5AD002821B7 /* Resources */,
			);
			buildRules = (
			);
			dependencies = (
			);
			name = GuidePost;
			productName = GuidePost;
			productReference = F693FE841A03E5AD002821B7 /* GuidePost.app */;
			productType = "com.apple.product-type.application";
		};
		F693FE9C1A03E5AD002821B7 /* GuidePostTests */ = {
			isa = PBXNativeTarget;
			buildConfigurationList = F693FEAA1A03E5AD002821B7 /* Build configuration list for PBXNativeTarget "GuidePostTests" */;
			buildPhases = (
				F693FE991A03E5AD002821B7 /* Sources */,
				F693FE9A1A03E5AD002821B7 /* Frameworks */,
				F693FE9B1A03E5AD002821B7 /* Resources */,
			);
			buildRules = (
			);
			dependencies = (
				F693FE9F1A03E5AD002821B7 /* PBXTargetDependency */,
			);
			name = GuidePostTests;
			productName = GuidePostTests;
			productReference = F693FE9D1A03E5AD002821B7 /* GuidePostTests.xctest */;
			productType = "com.apple.product-type.bundle.unit-test";
		};
/* End PBXNativeTarget section */

/* Begin PBXProject section */
		F693FE7C1A03E5AD002821B7 /* Project object */ = {
			isa = PBXProject;
			attributes = {
				LastUpgradeCheck = 0600;
				ORGANIZATIONNAME = Eaagle;
				TargetAttributes = {
					F693FE831A03E5AD002821B7 = {
						CreatedOnToolsVersion = 6.0.1;
					};
					F693FE9C1A03E5AD002821B7 = {
						CreatedOnToolsVersion = 6.0.1;
						TestTargetID = F693FE831A03E5AD002821B7;
					};
				};
			};
			buildConfigurationList = F693FE7F1A03E5AD002821B7 /* Build configuration list for PBXProject "GuidePost" */;
			compatibilityVersion = "Xcode 3.2";
			developmentRegion = English;
			hasScannedForEncodings = 0;
			knownRegions = (
				en,
				Base,
			);
			mainGroup = F693FE7B1A03E5AD002821B7;
			productRefGroup = F693FE851A03E5AD002821B7 /* Products */;
			projectDirPath = "";
			projectRoot = "";
			targets = (
				F693FE831A03E5AD002821B7 /* GuidePost */,
				F693FE9C1A03E5AD002821B7 /* GuidePostTests */,
			);
		};
/* End PBXProject section */

/* Begin PBXResourcesBuildPhase section */
		F693FE821A03E5AD002821B7 /* Resources */ = {
			isa = PBXResourcesBuildPhase;
			buildActionMask = 2147483647;
			files = (
				F693FE931A03E5AD002821B7 /* Main.storyboard in Resources */,
				F693FE981A03E5AD002821B7 /* LaunchScreen.xib in Resources */,
				F693FE951A03E5AD002821B7 /* Images.xcassets in Resources */,
			);
			runOnlyForDeploymentPostprocessing = 0;
		};
		F693FE9B1A03E5AD002821B7 /* Resources */ = {
			isa = PBXResourcesBuildPhase;
			buildActionMask = 2147483647;
			files = (
			);
			runOnlyForDeploymentPostprocessing = 0;
		};
/* End PBXResourcesBuildPhase section */

/* Begin PBXSourcesBuildPhase section */
		F693FE801A03E5AD002821B7 /* Sources */ = {
			isa = PBXSourcesBuildPhase;
			buildActionMask = 2147483647;
			files = (
				F693FE901A03E5AD002821B7 /* ViewController.m in Sources */,
				F693FE8D1A03E5AD002821B7 /* AppDelegate.m in Sources */,
				F693FE8A1A03E5AD002821B7 /* main.m in Sources */,
			);
			runOnlyForDeploymentPostprocessing = 0;
		};
		F693FE991A03E5AD002821B7 /* Sources */ = {
			isa = PBXSourcesBuildPhase;
			buildActionMask = 2147483647;
			files = (
				F693FEA41A03E5AD002821B7 /* GuidePostTests.m in Sources */,
			);
			runOnlyForDeploymentPostprocessing = 0;
		};
/* End PBXSourcesBuildPhase section */

/* Begin PBXTargetDependency section */
		F693FE9F1A03E5AD002821B7 /* PBXTargetDependency */ = {
			isa = PBXTargetDependency;
			target = F693FE831A03E5AD002821B7 /* GuidePost */;
			targetProxy = F693FE9E1A03E5AD002821B7 /* PBXContainerItemProxy */;
		};
/* End PBXTargetDependency section */

/* Begin PBXVariantGroup section */
		F693FE911A03E5AD002821B7 /* Main.storyboard */ = {
			isa = PBXVariantGroup;
			children = (
				F693FE921A03E5AD002821B7 /* Base */,
			);
			name = Main.storyboard;
			sourceTree = "<group>";
		};
		F693FE961A03E5AD002821B7 /* LaunchScreen.xib */ = {
			isa = PBXVariantGroup;
			children = (
				F693FE971A03E5AD002821B7 /* Base */,
			);
			name = LaunchScreen.xib;
			sourceTree = "<group>";
		};
/* End PBXVariantGroup section */

/* Begin XCBuildConfiguration section */
		F693FEA51A03E5AD002821B7 /* Debug */ = {
			isa = XCBuildConfiguration;
			buildSettings = {
				ALWAYS_SEARCH_USER_PATHS = NO;
				CLANG_CXX_LANGUAGE_STANDARD = "gnu++0x";
				CLANG_CXX_LIBRARY = "libc++";
				CLANG_ENABLE_MODULES = YES;
				CLANG_ENABLE_OBJC_ARC = YES;
				CLANG_WARN_BOOL_CONVERSION = YES;
				CLANG_WARN_CONSTANT_CONVERSION = YES;
				CLANG_WARN_DIRECT_OBJC_ISA_USAGE = YES_ERROR;
				CLANG_WARN_EMPTY_BODY = YES;
				CLANG_WARN_ENUM_CONVERSION = YES;
				CLANG_WARN_INT_CONVERSION = YES;
				CLANG_WARN_OBJC_ROOT_CLASS = YES_ERROR;
				CLANG_WARN_UNREACHABLE_CODE = YES;
				CLANG_WARN__DUPLICATE_METHOD_MATCH = YES;
				"CODE_SIGN_IDENTITY[sdk=iphoneos*]" = "iPhone Developer";
				COPY_PHASE_STRIP = NO;
				ENABLE_STRICT_OBJC_MSGSEND = YES;
				GCC_C_LANGUAGE_STANDARD = gnu99;
				GCC_DYNAMIC_NO_PIC = NO;
				GCC_OPTIMIZATION_LEVEL = 0;
				GCC_PREPROCESSOR_DEFINITIONS = (
					"DEBUG=1",
					"$(inherited)",
				);
				GCC_SYMBOLS_PRIVATE_EXTERN = NO;
				GCC_WARN_64_TO_32_BIT_CONVERSION = YES;
				GCC_WARN_ABOUT_RETURN_TYPE = YES_ERROR;
				GCC_WARN_UNDECLARED_SELECTOR = YES;
				GCC_WARN_UNINITIALIZED_AUTOS = YES_AGGRESSIVE;
				GCC_WARN_UNUSED_FUNCTION = YES;
				GCC_WARN_UNUSED_VARIABLE = YES;
				IPHONEOS_DEPLOYMENT_TARGET = 8.0;
				MTL_ENABLE_DEBUG_INFO = YES;
				ONLY_ACTIVE_ARCH = YES;
				SDKROOT = iphoneos;
			};
			name = Debug;
		};
		F693FEA61A03E5AD002821B7 /* Release */ = {
			isa = XCBuildConfiguration;
			buildSettings = {
				ALWAYS_SEARCH_USER_PATHS = NO;
				CLANG_CXX_LANGUAGE_STANDARD = "gnu++0x";
				CLANG_CXX_LIBRARY = "libc++";
				CLANG_ENABLE_MODULES = YES;
				CLANG_ENABLE_OBJC_ARC = YES;
				CLANG_WARN_BOOL_CONVERSION = YES;
				CLANG_WARN_CONSTANT_CONVERSION = YES;
				CLANG_WARN_DIRECT_OBJC_ISA_USAGE = YES_ERROR;
				CLANG_WARN_EMPTY_BODY = YES;
				CLANG_WARN_ENUM_CONVERSION = YES;
				CLANG_WARN_INT_CONVERSION = YES;
				CLANG_WARN_OBJC_ROOT_CLASS = YES_ERROR;
				CLANG_WARN_UNREACHABLE_CODE = YES;
				CLANG_WARN__DUPLICATE_METHOD_MATCH = YES;
				"CODE_SIGN_IDENTITY[sdk=iphoneos*]" = "iPhone Developer";
				COPY_PHASE_STRIP = YES;
				ENABLE_NS_ASSERTIONS = NO;
				ENABLE_STRICT_OBJC_MSGSEND = YES;
				GCC_C_LANGUAGE_STANDARD = gnu99;
				GCC_WARN_64_TO_32_BIT_CONVERSION = YES;
				GCC_WARN_ABOUT_RETURN_TYPE = YES_ERROR;
				GCC_WARN_UNDECLARED_SELECTOR = YES;
				GCC_WARN_UNINITIALIZED_AUTOS = YES_AGGRESSIVE;
				GCC_WARN_UNUSED_FUNCTION = YES;
				GCC_WARN_UNUSED_VARIABLE = YES;
				IPHONEOS_DEPLOYMENT_TARGET = 8.0;
				MTL_ENABLE_DEBUG_INFO = NO;
				SDKROOT = iphoneos;
				VALIDATE_PRODUCT = YES;
			};
			name = Release;
		};
		F693FEA81A03E5AD002821B7 /* Debug */ = {
			isa = XCBuildConfiguration;
			buildSettings = {
				ASSETCATALOG_COMPILER_APPICON_NAME = AppIcon;
				INFOPLIST_FILE = GuidePost/Info.plist;
				LD_RUNPATH_SEARCH_PATHS = "$(inherited) @executable_path/Frameworks";
				PRODUCT_NAME = "$(TARGET_NAME)";
			};
			name = Debug;
		};
		F693FEA91A03E5AD002821B7 /* Release */ = {
			isa = XCBuildConfiguration;
			buildSettings = {
				ASSETCATALOG_COMPILER_APPICON_NAME = AppIcon;
				INFOPLIST_FILE = GuidePost/Info.plist;
				LD_RUNPATH_SEARCH_PATHS = "$(inherited) @executable_path/Frameworks";
				PRODUCT_NAME = "$(TARGET_NAME)";
			};
			name = Release;
		};
		F693FEAB1A03E5AD002821B7 /* Debug */ = {
			isa = XCBuildConfiguration;
			buildSettings = {
				BUNDLE_LOADER = "$(TEST_HOST)";
				FRAMEWORK_SEARCH_PATHS = (
					"$(SDKROOT)/Developer/Library/Frameworks",
					"$(inherited)",
				);
				GCC_PREPROCESSOR_DEFINITIONS = (
					"DEBUG=1",
					"$(inherited)",
				);
				INFOPLIST_FILE = GuidePostTests/Info.plist;
				LD_RUNPATH_SEARCH_PATHS = "$(inherited) @executable_path/Frameworks @loader_path/Frameworks";
				PRODUCT_NAME = "$(TARGET_NAME)";
				TEST_HOST = "$(BUILT_PRODUCTS_DIR)/GuidePost.app/GuidePost";
			};
			name = Debug;
		};
		F693FEAC1A03E5AD002821B7 /* Release */ = {
			isa = XCBuildConfiguration;
			buildSettings = {
				BUNDLE_LOADER = "$(TEST_HOST)";
				FRAMEWORK_SEARCH_PATHS = (
					"$(SDKROOT)/Developer/Library/Frameworks",
					"$(inherited)",
				);
				INFOPLIST_FILE = GuidePostTests/Info.plist;
				LD_RUNPATH_SEARCH_PATHS = "$(inherited) @executable_path/Frameworks @loader_path/Frameworks";
				PRODUCT_NAME = "$(TARGET_NAME)";
				TEST_HOST = "$(BUILT_PRODUCTS_DIR)/GuidePost.app/GuidePost";
			};
			name = Release;
		};
/* End XCBuildConfiguration section */

/* Begin XCConfigurationList section */
		F693FE7F1A03E5AD002821B7 /* Build configuration list for PBXProject "GuidePost" */ = {
			isa = XCConfigurationList;
			buildConfigurations = (
				F693FEA51A03E5AD002821B7 /* Debug */,
				F693FEA61A03E5AD002821B7 /* Release */,
			);
			defaultConfigurationIsVisible = 0;
			defaultConfigurationName = Release;
		};
		F693FEA71A03E5AD002821B7 /* Build configuration list for PBXNativeTarget "GuidePost" */ = {
			isa = XCConfigurationList;
			buildConfigurations = (
				F693FEA81A03E5AD002821B7 /* Debug */,
				F693FEA91A03E5AD002821B7 /* Release */,
			);
			defaultConfigurationIsVisible = 0;
		};
		F693FEAA1A03E5AD002821B7 /* Build configuration list for PBXNativeTarget "GuidePostTests" */ = {
			isa = XCConfigurationList;
			buildConfigurations = (
				F693FEAB1A03E5AD002821B7 /* Debug */,
				F693FEAC1A03E5AD002821B7 /* Release */,
			);
			defaultConfigurationIsVisible = 0;
		};
/* End XCConfigurationList section */
	};
	rootObject = F693FE7C1A03E5AD002821B7 /* Project object */;
}
